// !$*UTF8*$!
{
	archiveVersion = 1;
	classes = {
	};
	objectVersion = 70;
	objects = {

/* Begin PBXBuildFile section */
		84AA9F8E2DE7298B0089EED5 /* FirebaseAuth in Frameworks */ = {isa = PBXBuildFile; productRef = 84AA9F8D2DE7298B0089EED5 /* FirebaseAuth */; };
		84AA9F9E2DE733320089EED5 /* RappleProgressHUD in Frameworks */ = {isa = PBXBuildFile; productRef = 84AA9F9D2DE733320089EED5 /* RappleProgressHUD */; };
		84EB18C02DE84FFD0025AEFD /* AppDelegate.swift in Sources */ = {isa = PBXBuildFile; fileRef = 84EB18702DE84FFD0025AEFD /* AppDelegate.swift */; };
		84EB18C12DE84FFD0025AEFD /* AppManager.swift in Sources */ = {isa = PBXBuildFile; fileRef = 84EB18712DE84FFD0025AEFD /* AppManager.swift */; };
		84EB18C22DE84FFD0025AEFD /* AviateApp.swift in Sources */ = {isa = PBXBuildFile; fileRef = 84EB18722DE84FFD0025AEFD /* AviateApp.swift */; };
		84EB18C32DE84FFD0025AEFD /* BaseVM.swift in Sources */ = {isa = PBXBuildFile; fileRef = 84EB18732DE84FFD0025AEFD /* BaseVM.swift */; };
		84EB18C42DE84FFD0025AEFD /* ContentView.swift in Sources */ = {isa = PBXBuildFile; fileRef = 84EB18742DE84FFD0025AEFD /* ContentView.swift */; };
		84EB18C52DE84FFD0025AEFD /* Airline.swift in Sources */ = {isa = PBXBuildFile; fileRef = 84EB18762DE84FFD0025AEFD /* Airline.swift */; };
		84EB18C62DE84FFD0025AEFD /* AirlineResponse.swift in Sources */ = {isa = PBXBuildFile; fileRef = 84EB18772DE84FFD0025AEFD /* AirlineResponse.swift */; };
		84EB18C72DE84FFD0025AEFD /* AirportInfo.swift in Sources */ = {isa = PBXBuildFile; fileRef = 84EB18782DE84FFD0025AEFD /* AirportInfo.swift */; };
		84EB18C82DE84FFD0025AEFD /* Arrival.swift in Sources */ = {isa = PBXBuildFile; fileRef = 84EB18792DE84FFD0025AEFD /* Arrival.swift */; };
		84EB18C92DE84FFD0025AEFD /* BasicAirline.swift in Sources */ = {isa = PBXBuildFile; fileRef = 84EB187A2DE84FFD0025AEFD /* BasicAirline.swift */; };
		84EB18CA2DE84FFD0025AEFD /* Codeshared.swift in Sources */ = {isa = PBXBuildFile; fileRef = 84EB187B2DE84FFD0025AEFD /* Codeshared.swift */; };
		84EB18CB2DE84FFD0025AEFD /* Departure.swift in Sources */ = {isa = PBXBuildFile; fileRef = 84EB187C2DE84FFD0025AEFD /* Departure.swift */; };
		84EB18CC2DE84FFD0025AEFD /* Flight.swift in Sources */ = {isa = PBXBuildFile; fileRef = 84EB187D2DE84FFD0025AEFD /* Flight.swift */; };
		84EB18CD2DE84FFD0025AEFD /* FlightAnnotation.swift in Sources */ = {isa = PBXBuildFile; fileRef = 84EB187E2DE84FFD0025AEFD /* FlightAnnotation.swift */; };
		84EB18CE2DE84FFD0025AEFD /* FlightData.swift in Sources */ = {isa = PBXBuildFile; fileRef = 84EB187F2DE84FFD0025AEFD /* FlightData.swift */; };
		84EB18CF2DE84FFD0025AEFD /* FlightDetail.swift in Sources */ = {isa = PBXBuildFile; fileRef = 84EB18802DE84FFD0025AEFD /* FlightDetail.swift */; };
		84EB18D02DE84FFD0025AEFD /* FlightResponse.swift in Sources */ = {isa = PBXBuildFile; fileRef = 84EB18812DE84FFD0025AEFD /* FlightResponse.swift */; };
		84EB18D12DE84FFD0025AEFD /* Pagination.swift in Sources */ = {isa = PBXBuildFile; fileRef = 84EB18822DE84FFD0025AEFD /* Pagination.swift */; };
		84EB18D22DE84FFD0025AEFD /* User.swift in Sources */ = {isa = PBXBuildFile; fileRef = 84EB18832DE84FFD0025AEFD /* User.swift */; };
		84EB18D32DE84FFD0025AEFD /* CommonButtonView.swift in Sources */ = {isa = PBXBuildFile; fileRef = 84EB18852DE84FFD0025AEFD /* CommonButtonView.swift */; };
		84EB18D42DE84FFD0025AEFD /* EmptyStateView.swift in Sources */ = {isa = PBXBuildFile; fileRef = 84EB18862DE84FFD0025AEFD /* EmptyStateView.swift */; };
		84EB18D52DE84FFD0025AEFD /* ErrorView.swift in Sources */ = {isa = PBXBuildFile; fileRef = 84EB18872DE84FFD0025AEFD /* ErrorView.swift */; };
		84EB18D62DE84FFD0025AEFD /* NavigationBarView.swift in Sources */ = {isa = PBXBuildFile; fileRef = 84EB18882DE84FFD0025AEFD /* NavigationBarView.swift */; };
		84EB18D72DE84FFD0025AEFD /* SearchBarView.swift in Sources */ = {isa = PBXBuildFile; fileRef = 84EB18892DE84FFD0025AEFD /* SearchBarView.swift */; };
		84EB18D82DE84FFD0025AEFD /* AppColors.swift in Sources */ = {isa = PBXBuildFile; fileRef = 84EB188B2DE84FFD0025AEFD /* AppColors.swift */; };
		84EB18D92DE84FFD0025AEFD /* Color++.swift in Sources */ = {isa = PBXBuildFile; fileRef = 84EB188D2DE84FFD0025AEFD /* Color++.swift */; };
		84EB18DA2DE84FFD0025AEFD /* String++.swift in Sources */ = {isa = PBXBuildFile; fileRef = 84EB188E2DE84FFD0025AEFD /* String++.swift */; };
		84EB18DB2DE84FFD0025AEFD /* View++.swift in Sources */ = {isa = PBXBuildFile; fileRef = 84EB188F2DE84FFD0025AEFD /* View++.swift */; };
		84EB18DC2DE84FFD0025AEFD /* AlertShowable.swift in Sources */ = {isa = PBXBuildFile; fileRef = 84EB18912DE84FFD0025AEFD /* AlertShowable.swift */; };
		84EB18DD2DE84FFD0025AEFD /* AviationAPIServiceProtocol.swift in Sources */ = {isa = PBXBuildFile; fileRef = 84EB18922DE84FFD0025AEFD /* AviationAPIServiceProtocol.swift */; };
		84EB18DE2DE84FFD0025AEFD /* LoadingIndicatorDelegate.swift in Sources */ = {isa = PBXBuildFile; fileRef = 84EB18932DE84FFD0025AEFD /* LoadingIndicatorDelegate.swift */; };
		84EB18DF2DE84FFD0025AEFD /* AviationAPIService.swift in Sources */ = {isa = PBXBuildFile; fileRef = 84EB18952DE84FFD0025AEFD /* AviationAPIService.swift */; };
		84EB18E02DE84FFD0025AEFD /* AppError.swift in Sources */ = {isa = PBXBuildFile; fileRef = 84EB18972DE84FFD0025AEFD /* AppError.swift */; };
		84EB18E12DE84FFD0025AEFD /* Handlers.swift in Sources */ = {isa = PBXBuildFile; fileRef = 84EB18982DE84FFD0025AEFD /* Handlers.swift */; };
		84EB18E22DE84FFD0025AEFD /* Validator.swift in Sources */ = {isa = PBXBuildFile; fileRef = 84EB18992DE84FFD0025AEFD /* Validator.swift */; };
		84EB18E32DE84FFD0025AEFD /* ViewModifiers.swift in Sources */ = {isa = PBXBuildFile; fileRef = 84EB189A2DE84FFD0025AEFD /* ViewModifiers.swift */; };
		84EB18E42DE84FFD0025AEFD /* LoginView.swift in Sources */ = {isa = PBXBuildFile; fileRef = 84EB189C2DE84FFD0025AEFD /* LoginView.swift */; };
		84EB18E52DE84FFD0025AEFD /* LoginVM.swift in Sources */ = {isa = PBXBuildFile; fileRef = 84EB189D2DE84FFD0025AEFD /* LoginVM.swift */; };
		84EB18E62DE84FFD0025AEFD /* SignUpView.swift in Sources */ = {isa = PBXBuildFile; fileRef = 84EB189F2DE84FFD0025AEFD /* SignUpView.swift */; };
		84EB18E72DE84FFD0025AEFD /* SignUpVM.swift in Sources */ = {isa = PBXBuildFile; fileRef = 84EB18A02DE84FFD0025AEFD /* SignUpVM.swift */; };
		84EB18E82DE84FFD0025AEFD /* AirlineRowView.swift in Sources */ = {isa = PBXBuildFile; fileRef = 84EB18A32DE84FFD0025AEFD /* AirlineRowView.swift */; };
		84EB18E92DE84FFD0025AEFD /* StatusBadge.swift in Sources */ = {isa = PBXBuildFile; fileRef = 84EB18A42DE84FFD0025AEFD /* StatusBadge.swift */; };
		84EB18EA2DE84FFD0025AEFD /* AirlinesView.swift in Sources */ = {isa = PBXBuildFile; fileRef = 84EB18A62DE84FFD0025AEFD /* AirlinesView.swift */; };
		84EB18EB2DE84FFD0025AEFD /* AirlinesVM.swift in Sources */ = {isa = PBXBuildFile; fileRef = 84EB18A72DE84FFD0025AEFD /* AirlinesVM.swift */; };
		84EB18EC2DE84FFD0025AEFD /* FlightRowView.swift in Sources */ = {isa = PBXBuildFile; fileRef = 84EB18A92DE84FFD0025AEFD /* FlightRowView.swift */; };
		84EB18ED2DE84FFD0025AEFD /* FlightDataView.swift in Sources */ = {isa = PBXBuildFile; fileRef = 84EB18AB2DE84FFD0025AEFD /* FlightDataView.swift */; };
		84EB18EE2DE84FFD0025AEFD /* FlightDataVM.swift in Sources */ = {isa = PBXBuildFile; fileRef = 84EB18AC2DE84FFD0025AEFD /* FlightDataVM.swift */; };
		84EB18EF2DE84FFD0025AEFD /* ArrivalDetailSection.swift in Sources */ = {isa = PBXBuildFile; fileRef = 84EB18AE2DE84FFD0025AEFD /* ArrivalDetailSection.swift */; };
		84EB18F02DE84FFD0025AEFD /* DepartureDetailSection.swift in Sources */ = {isa = PBXBuildFile; fileRef = 84EB18AF2DE84FFD0025AEFD /* DepartureDetailSection.swift */; };
		84EB18F12DE84FFD0025AEFD /* DetailCard.swift in Sources */ = {isa = PBXBuildFile; fileRef = 84EB18B02DE84FFD0025AEFD /* DetailCard.swift */; };
		84EB18F22DE84FFD0025AEFD /* DetailRow.swift in Sources */ = {isa = PBXBuildFile; fileRef = 84EB18B12DE84FFD0025AEFD /* DetailRow.swift */; };
		84EB18F32DE84FFD0025AEFD /* FlightScheduleView.swift in Sources */ = {isa = PBXBuildFile; fileRef = 84EB18B32DE84FFD0025AEFD /* FlightScheduleView.swift */; };
		84EB18F42DE84FFD0025AEFD /* Aviate.xcdatamodeld in Sources */ = {isa = PBXBuildFile; fileRef = 84EB18B92DE84FFD0025AEFD /* Aviate.xcdatamodeld */; };
		84EB18F52DE84FFD0025AEFD /* Persistence.swift in Sources */ = {isa = PBXBuildFile; fileRef = 84EB18BD2DE84FFD0025AEFD /* Persistence.swift */; };
		84EB18F62DE84FFD0025AEFD /* Assets.xcassets in Resources */ = {isa = PBXBuildFile; fileRef = 84EB18B72DE84FFD0025AEFD /* Assets.xcassets */; };
		84EB18F72DE84FFD0025AEFD /* GoogleService-Info.plist in Resources */ = {isa = PBXBuildFile; fileRef = 84EB18BA2DE84FFD0025AEFD /* GoogleService-Info.plist */; };
		84EB18F92DE84FFD0025AEFD /* LaunchScreen.storyboard in Resources */ = {isa = PBXBuildFile; fileRef = 84EB18BC2DE84FFD0025AEFD /* LaunchScreen.storyboard */; };
/* End PBXBuildFile section */

/* Begin PBXContainerItemProxy section */
		847D47962DE63BDD00BA06E2 /* PBXContainerItemProxy */ = {
			isa = PBXContainerItemProxy;
			containerPortal = 847D477A2DE63BDC00BA06E2 /* Project object */;
			proxyType = 1;
			remoteGlobalIDString = 847D47812DE63BDC00BA06E2;
			remoteInfo = Aviate;
		};
		847D47A02DE63BDD00BA06E2 /* PBXContainerItemProxy */ = {
			isa = PBXContainerItemProxy;
			containerPortal = 847D477A2DE63BDC00BA06E2 /* Project object */;
			proxyType = 1;
			remoteGlobalIDString = 847D47812DE63BDC00BA06E2;
			remoteInfo = Aviate;
		};
/* End PBXContainerItemProxy section */

/* Begin PBXFileReference section */
		847D47822DE63BDC00BA06E2 /* Aviate.app */ = {isa = PBXFileReference; explicitFileType = wrapper.application; includeInIndex = 0; path = Aviate.app; sourceTree = BUILT_PRODUCTS_DIR; };
		847D47952DE63BDD00BA06E2 /* AviateTests.xctest */ = {isa = PBXFileReference; explicitFileType = wrapper.cfbundle; includeInIndex = 0; path = AviateTests.xctest; sourceTree = BUILT_PRODUCTS_DIR; };
		847D479F2DE63BDD00BA06E2 /* AviateUITests.xctest */ = {isa = PBXFileReference; explicitFileType = wrapper.cfbundle; includeInIndex = 0; path = AviateUITests.xctest; sourceTree = BUILT_PRODUCTS_DIR; };
		84EB18702DE84FFD0025AEFD /* AppDelegate.swift */ = {isa = PBXFileReference; lastKnownFileType = sourcecode.swift; path = AppDelegate.swift; sourceTree = "<group>"; };
		84EB18712DE84FFD0025AEFD /* AppManager.swift */ = {isa = PBXFileReference; lastKnownFileType = sourcecode.swift; path = AppManager.swift; sourceTree = "<group>"; };
		84EB18722DE84FFD0025AEFD /* AviateApp.swift */ = {isa = PBXFileReference; lastKnownFileType = sourcecode.swift; path = AviateApp.swift; sourceTree = "<group>"; };
		84EB18732DE84FFD0025AEFD /* BaseVM.swift */ = {isa = PBXFileReference; lastKnownFileType = sourcecode.swift; path = BaseVM.swift; sourceTree = "<group>"; };
		84EB18742DE84FFD0025AEFD /* ContentView.swift */ = {isa = PBXFileReference; lastKnownFileType = sourcecode.swift; path = ContentView.swift; sourceTree = "<group>"; };
		84EB18762DE84FFD0025AEFD /* Airline.swift */ = {isa = PBXFileReference; lastKnownFileType = sourcecode.swift; path = Airline.swift; sourceTree = "<group>"; };
		84EB18772DE84FFD0025AEFD /* AirlineResponse.swift */ = {isa = PBXFileReference; lastKnownFileType = sourcecode.swift; path = AirlineResponse.swift; sourceTree = "<group>"; };
		84EB18782DE84FFD0025AEFD /* AirportInfo.swift */ = {isa = PBXFileReference; lastKnownFileType = sourcecode.swift; path = AirportInfo.swift; sourceTree = "<group>"; };
		84EB18792DE84FFD0025AEFD /* Arrival.swift */ = {isa = PBXFileReference; lastKnownFileType = sourcecode.swift; path = Arrival.swift; sourceTree = "<group>"; };
		84EB187A2DE84FFD0025AEFD /* BasicAirline.swift */ = {isa = PBXFileReference; lastKnownFileType = sourcecode.swift; path = BasicAirline.swift; sourceTree = "<group>"; };
		84EB187B2DE84FFD0025AEFD /* Codeshared.swift */ = {isa = PBXFileReference; lastKnownFileType = sourcecode.swift; path = Codeshared.swift; sourceTree = "<group>"; };
		84EB187C2DE84FFD0025AEFD /* Departure.swift */ = {isa = PBXFileReference; lastKnownFileType = sourcecode.swift; path = Departure.swift; sourceTree = "<group>"; };
		84EB187D2DE84FFD0025AEFD /* Flight.swift */ = {isa = PBXFileReference; lastKnownFileType = sourcecode.swift; path = Flight.swift; sourceTree = "<group>"; };
		84EB187E2DE84FFD0025AEFD /* FlightAnnotation.swift */ = {isa = PBXFileReference; lastKnownFileType = sourcecode.swift; path = FlightAnnotation.swift; sourceTree = "<group>"; };
		84EB187F2DE84FFD0025AEFD /* FlightData.swift */ = {isa = PBXFileReference; lastKnownFileType = sourcecode.swift; path = FlightData.swift; sourceTree = "<group>"; };
		84EB18802DE84FFD0025AEFD /* FlightDetail.swift */ = {isa = PBXFileReference; lastKnownFileType = sourcecode.swift; path = FlightDetail.swift; sourceTree = "<group>"; };
		84EB18812DE84FFD0025AEFD /* FlightResponse.swift */ = {isa = PBXFileReference; lastKnownFileType = sourcecode.swift; path = FlightResponse.swift; sourceTree = "<group>"; };
		84EB18822DE84FFD0025AEFD /* Pagination.swift */ = {isa = PBXFileReference; lastKnownFileType = sourcecode.swift; path = Pagination.swift; sourceTree = "<group>"; };
		84EB18832DE84FFD0025AEFD /* User.swift */ = {isa = PBXFileReference; lastKnownFileType = sourcecode.swift; path = User.swift; sourceTree = "<group>"; };
		84EB18852DE84FFD0025AEFD /* CommonButtonView.swift */ = {isa = PBXFileReference; lastKnownFileType = sourcecode.swift; path = CommonButtonView.swift; sourceTree = "<group>"; };
		84EB18862DE84FFD0025AEFD /* EmptyStateView.swift */ = {isa = PBXFileReference; lastKnownFileType = sourcecode.swift; path = EmptyStateView.swift; sourceTree = "<group>"; };
		84EB18872DE84FFD0025AEFD /* ErrorView.swift */ = {isa = PBXFileReference; lastKnownFileType = sourcecode.swift; path = ErrorView.swift; sourceTree = "<group>"; };
		84EB18882DE84FFD0025AEFD /* NavigationBarView.swift */ = {isa = PBXFileReference; lastKnownFileType = sourcecode.swift; path = NavigationBarView.swift; sourceTree = "<group>"; };
		84EB18892DE84FFD0025AEFD /* SearchBarView.swift */ = {isa = PBXFileReference; lastKnownFileType = sourcecode.swift; path = SearchBarView.swift; sourceTree = "<group>"; };
		84EB188B2DE84FFD0025AEFD /* AppColors.swift */ = {isa = PBXFileReference; lastKnownFileType = sourcecode.swift; path = AppColors.swift; sourceTree = "<group>"; };
		84EB188D2DE84FFD0025AEFD /* Color++.swift */ = {isa = PBXFileReference; lastKnownFileType = sourcecode.swift; path = "Color++.swift"; sourceTree = "<group>"; };
		84EB188E2DE84FFD0025AEFD /* String++.swift */ = {isa = PBXFileReference; lastKnownFileType = sourcecode.swift; path = "String++.swift"; sourceTree = "<group>"; };
		84EB188F2DE84FFD0025AEFD /* View++.swift */ = {isa = PBXFileReference; lastKnownFileType = sourcecode.swift; path = "View++.swift"; sourceTree = "<group>"; };
		84EB18912DE84FFD0025AEFD /* AlertShowable.swift */ = {isa = PBXFileReference; lastKnownFileType = sourcecode.swift; path = AlertShowable.swift; sourceTree = "<group>"; };
		84EB18922DE84FFD0025AEFD /* AviationAPIServiceProtocol.swift */ = {isa = PBXFileReference; lastKnownFileType = sourcecode.swift; path = AviationAPIServiceProtocol.swift; sourceTree = "<group>"; };
		84EB18932DE84FFD0025AEFD /* LoadingIndicatorDelegate.swift */ = {isa = PBXFileReference; lastKnownFileType = sourcecode.swift; path = LoadingIndicatorDelegate.swift; sourceTree = "<group>"; };
		84EB18952DE84FFD0025AEFD /* AviationAPIService.swift */ = {isa = PBXFileReference; lastKnownFileType = sourcecode.swift; path = AviationAPIService.swift; sourceTree = "<group>"; };
		84EB18972DE84FFD0025AEFD /* AppError.swift */ = {isa = PBXFileReference; lastKnownFileType = sourcecode.swift; path = AppError.swift; sourceTree = "<group>"; };
		84EB18982DE84FFD0025AEFD /* Handlers.swift */ = {isa = PBXFileReference; lastKnownFileType = sourcecode.swift; path = Handlers.swift; sourceTree = "<group>"; };
		84EB18992DE84FFD0025AEFD /* Validator.swift */ = {isa = PBXFileReference; lastKnownFileType = sourcecode.swift; path = Validator.swift; sourceTree = "<group>"; };
		84EB189A2DE84FFD0025AEFD /* ViewModifiers.swift */ = {isa = PBXFileReference; lastKnownFileType = sourcecode.swift; path = ViewModifiers.swift; sourceTree = "<group>"; };
		84EB189C2DE84FFD0025AEFD /* LoginView.swift */ = {isa = PBXFileReference; lastKnownFileType = sourcecode.swift; path = LoginView.swift; sourceTree = "<group>"; };
		84EB189D2DE84FFD0025AEFD /* LoginVM.swift */ = {isa = PBXFileReference; lastKnownFileType = sourcecode.swift; path = LoginVM.swift; sourceTree = "<group>"; };
		84EB189F2DE84FFD0025AEFD /* SignUpView.swift */ = {isa = PBXFileReference; lastKnownFileType = sourcecode.swift; path = SignUpView.swift; sourceTree = "<group>"; };
		84EB18A02DE84FFD0025AEFD /* SignUpVM.swift */ = {isa = PBXFileReference; lastKnownFileType = sourcecode.swift; path = SignUpVM.swift; sourceTree = "<group>"; };
		84EB18A32DE84FFD0025AEFD /* AirlineRowView.swift */ = {isa = PBXFileReference; lastKnownFileType = sourcecode.swift; path = AirlineRowView.swift; sourceTree = "<group>"; };
		84EB18A42DE84FFD0025AEFD /* StatusBadge.swift */ = {isa = PBXFileReference; lastKnownFileType = sourcecode.swift; path = StatusBadge.swift; sourceTree = "<group>"; };
		84EB18A62DE84FFD0025AEFD /* AirlinesView.swift */ = {isa = PBXFileReference; lastKnownFileType = sourcecode.swift; path = AirlinesView.swift; sourceTree = "<group>"; };
		84EB18A72DE84FFD0025AEFD /* AirlinesVM.swift */ = {isa = PBXFileReference; lastKnownFileType = sourcecode.swift; path = AirlinesVM.swift; sourceTree = "<group>"; };
		84EB18A92DE84FFD0025AEFD /* FlightRowView.swift */ = {isa = PBXFileReference; lastKnownFileType = sourcecode.swift; path = FlightRowView.swift; sourceTree = "<group>"; };
		84EB18AB2DE84FFD0025AEFD /* FlightDataView.swift */ = {isa = PBXFileReference; lastKnownFileType = sourcecode.swift; path = FlightDataView.swift; sourceTree = "<group>"; };
		84EB18AC2DE84FFD0025AEFD /* FlightDataVM.swift */ = {isa = PBXFileReference; lastKnownFileType = sourcecode.swift; path = FlightDataVM.swift; sourceTree = "<group>"; };
		84EB18AE2DE84FFD0025AEFD /* ArrivalDetailSection.swift */ = {isa = PBXFileReference; lastKnownFileType = sourcecode.swift; path = ArrivalDetailSection.swift; sourceTree = "<group>"; };
		84EB18AF2DE84FFD0025AEFD /* DepartureDetailSection.swift */ = {isa = PBXFileReference; lastKnownFileType = sourcecode.swift; path = DepartureDetailSection.swift; sourceTree = "<group>"; };
		84EB18B02DE84FFD0025AEFD /* DetailCard.swift */ = {isa = PBXFileReference; lastKnownFileType = sourcecode.swift; path = DetailCard.swift; sourceTree = "<group>"; };
		84EB18B12DE84FFD0025AEFD /* DetailRow.swift */ = {isa = PBXFileReference; lastKnownFileType = sourcecode.swift; path = DetailRow.swift; sourceTree = "<group>"; };
		84EB18B32DE84FFD0025AEFD /* FlightScheduleView.swift */ = {isa = PBXFileReference; lastKnownFileType = sourcecode.swift; path = FlightScheduleView.swift; sourceTree = "<group>"; };
		84EB18B72DE84FFD0025AEFD /* Assets.xcassets */ = {isa = PBXFileReference; lastKnownFileType = folder.assetcatalog; path = Assets.xcassets; sourceTree = "<group>"; };
		84EB18B82DE84FFD0025AEFD /* Aviate.entitlements */ = {isa = PBXFileReference; lastKnownFileType = text.plist.entitlements; path = Aviate.entitlements; sourceTree = "<group>"; };
		84EB18BA2DE84FFD0025AEFD /* GoogleService-Info.plist */ = {isa = PBXFileReference; lastKnownFileType = text.plist.xml; path = "GoogleService-Info.plist"; sourceTree = "<group>"; };
		84EB18BB2DE84FFD0025AEFD /* Info.plist */ = {isa = PBXFileReference; lastKnownFileType = text.plist.xml; path = Info.plist; sourceTree = "<group>"; };
		84EB18BC2DE84FFD0025AEFD /* LaunchScreen.storyboard */ = {isa = PBXFileReference; lastKnownFileType = file.storyboard; path = LaunchScreen.storyboard; sourceTree = "<group>"; };
		84EB18BD2DE84FFD0025AEFD /* Persistence.swift */ = {isa = PBXFileReference; lastKnownFileType = sourcecode.swift; path = Persistence.swift; sourceTree = "<group>"; };
		84EB18BF2DE84FFD0025AEFD /* Aviate.xcdatamodel */ = {isa = PBXFileReference; lastKnownFileType = wrapper.xcdatamodel; path = Aviate.xcdatamodel; sourceTree = "<group>"; };
/* End PBXFileReference section */

/* Begin PBXFileSystemSynchronizedRootGroup section */
		847D47982DE63BDD00BA06E2 /* AviateTests */ = {isa = PBXFileSystemSynchronizedRootGroup; explicitFileTypes = {}; explicitFolders = (); path = AviateTests; sourceTree = "<group>"; };
		847D47A22DE63BDD00BA06E2 /* AviateUITests */ = {isa = PBXFileSystemSynchronizedRootGroup; explicitFileTypes = {}; explicitFolders = (); path = AviateUITests; sourceTree = "<group>"; };
/* End PBXFileSystemSynchronizedRootGroup section */

/* Begin PBXFrameworksBuildPhase section */
		847D477F2DE63BDC00BA06E2 /* Frameworks */ = {
			isa = PBXFrameworksBuildPhase;
			buildActionMask = 2147483647;
			files = (
				84AA9F8E2DE7298B0089EED5 /* FirebaseAuth in Frameworks */,
				84AA9F9E2DE733320089EED5 /* RappleProgressHUD in Frameworks */,
			);
			runOnlyForDeploymentPostprocessing = 0;
		};
		847D47922DE63BDD00BA06E2 /* Frameworks */ = {
			isa = PBXFrameworksBuildPhase;
			buildActionMask = 2147483647;
			files = (
			);
			runOnlyForDeploymentPostprocessing = 0;
		};
		847D479C2DE63BDD00BA06E2 /* Frameworks */ = {
			isa = PBXFrameworksBuildPhase;
			buildActionMask = 2147483647;
			files = (
			);
			runOnlyForDeploymentPostprocessing = 0;
		};
/* End PBXFrameworksBuildPhase section */

/* Begin PBXGroup section */
		847D47792DE63BDC00BA06E2 = {
			isa = PBXGroup;
			children = (
				84EB18BE2DE84FFD0025AEFD /* Aviate */,
				847D47982DE63BDD00BA06E2 /* AviateTests */,
				847D47A22DE63BDD00BA06E2 /* AviateUITests */,
				847D47832DE63BDC00BA06E2 /* Products */,
			);
			sourceTree = "<group>";
		};
		847D47832DE63BDC00BA06E2 /* Products */ = {
			isa = PBXGroup;
			children = (
				847D47822DE63BDC00BA06E2 /* Aviate.app */,
				847D47952DE63BDD00BA06E2 /* AviateTests.xctest */,
				847D479F2DE63BDD00BA06E2 /* AviateUITests.xctest */,
			);
			name = Products;
			sourceTree = "<group>";
		};
		84EB18752DE84FFD0025AEFD /* App */ = {
			isa = PBXGroup;
			children = (
				84EB18702DE84FFD0025AEFD /* AppDelegate.swift */,
				84EB18712DE84FFD0025AEFD /* AppManager.swift */,
				84EB18722DE84FFD0025AEFD /* AviateApp.swift */,
				84EB18732DE84FFD0025AEFD /* BaseVM.swift */,
				84EB18742DE84FFD0025AEFD /* ContentView.swift */,
			);
			path = App;
			sourceTree = "<group>";
		};
		84EB18842DE84FFD0025AEFD /* Model */ = {
			isa = PBXGroup;
			children = (
				84EB18762DE84FFD0025AEFD /* Airline.swift */,
				84EB18772DE84FFD0025AEFD /* AirlineResponse.swift */,
				84EB18782DE84FFD0025AEFD /* AirportInfo.swift */,
				84EB18792DE84FFD0025AEFD /* Arrival.swift */,
				84EB187A2DE84FFD0025AEFD /* BasicAirline.swift */,
				84EB187B2DE84FFD0025AEFD /* Codeshared.swift */,
				84EB187C2DE84FFD0025AEFD /* Departure.swift */,
				84EB187D2DE84FFD0025AEFD /* Flight.swift */,
				84EB187E2DE84FFD0025AEFD /* FlightAnnotation.swift */,
				84EB187F2DE84FFD0025AEFD /* FlightData.swift */,
				84EB18802DE84FFD0025AEFD /* FlightDetail.swift */,
				84EB18812DE84FFD0025AEFD /* FlightResponse.swift */,
				84EB18822DE84FFD0025AEFD /* Pagination.swift */,
				84EB18832DE84FFD0025AEFD /* User.swift */,
			);
			path = Model;
			sourceTree = "<group>";
		};
		84EB188A2DE84FFD0025AEFD /* CustomComponents */ = {
			isa = PBXGroup;
			children = (
				84EB18852DE84FFD0025AEFD /* CommonButtonView.swift */,
				84EB18862DE84FFD0025AEFD /* EmptyStateView.swift */,
				84EB18872DE84FFD0025AEFD /* ErrorView.swift */,
				84EB18882DE84FFD0025AEFD /* NavigationBarView.swift */,
				84EB18892DE84FFD0025AEFD /* SearchBarView.swift */,
			);
			path = CustomComponents;
			sourceTree = "<group>";
		};
		84EB188C2DE84FFD0025AEFD /* Enums */ = {
			isa = PBXGroup;
			children = (
				84EB188B2DE84FFD0025AEFD /* AppColors.swift */,
			);
			path = Enums;
			sourceTree = "<group>";
		};
		84EB18902DE84FFD0025AEFD /* Extensions */ = {
			isa = PBXGroup;
			children = (
				84EB188D2DE84FFD0025AEFD /* Color++.swift */,
				84EB188E2DE84FFD0025AEFD /* String++.swift */,
				84EB188F2DE84FFD0025AEFD /* View++.swift */,
			);
			path = Extensions;
			sourceTree = "<group>";
		};
		84EB18942DE84FFD0025AEFD /* Protocols */ = {
			isa = PBXGroup;
			children = (
				84EB18912DE84FFD0025AEFD /* AlertShowable.swift */,
				84EB18922DE84FFD0025AEFD /* AviationAPIServiceProtocol.swift */,
				84EB18932DE84FFD0025AEFD /* LoadingIndicatorDelegate.swift */,
			);
			path = Protocols;
			sourceTree = "<group>";
		};
		84EB18962DE84FFD0025AEFD /* Services */ = {
			isa = PBXGroup;
			children = (
				84EB18952DE84FFD0025AEFD /* AviationAPIService.swift */,
			);
			path = Services;
			sourceTree = "<group>";
		};
		84EB189B2DE84FFD0025AEFD /* Utilities */ = {
			isa = PBXGroup;
			children = (
				84EB188A2DE84FFD0025AEFD /* CustomComponents */,
				84EB188C2DE84FFD0025AEFD /* Enums */,
				84EB18902DE84FFD0025AEFD /* Extensions */,
				84EB18942DE84FFD0025AEFD /* Protocols */,
				84EB18962DE84FFD0025AEFD /* Services */,
				84EB18972DE84FFD0025AEFD /* AppError.swift */,
				84EB18982DE84FFD0025AEFD /* Handlers.swift */,
				84EB18992DE84FFD0025AEFD /* Validator.swift */,
				84EB189A2DE84FFD0025AEFD /* ViewModifiers.swift */,
			);
			path = Utilities;
			sourceTree = "<group>";
		};
		84EB189E2DE84FFD0025AEFD /* Login */ = {
			isa = PBXGroup;
			children = (
				84EB189C2DE84FFD0025AEFD /* LoginView.swift */,
				84EB189D2DE84FFD0025AEFD /* LoginVM.swift */,
			);
			path = Login;
			sourceTree = "<group>";
		};
		84EB18A12DE84FFD0025AEFD /* SignUp */ = {
			isa = PBXGroup;
			children = (
				84EB189F2DE84FFD0025AEFD /* SignUpView.swift */,
				84EB18A02DE84FFD0025AEFD /* SignUpVM.swift */,
			);
			path = SignUp;
			sourceTree = "<group>";
		};
		84EB18A22DE84FFD0025AEFD /* Auth */ = {
			isa = PBXGroup;
			children = (
				84EB189E2DE84FFD0025AEFD /* Login */,
				84EB18A12DE84FFD0025AEFD /* SignUp */,
			);
			path = Auth;
			sourceTree = "<group>";
		};
		84EB18A52DE84FFD0025AEFD /* Components */ = {
			isa = PBXGroup;
			children = (
				84EB18A32DE84FFD0025AEFD /* AirlineRowView.swift */,
				84EB18A42DE84FFD0025AEFD /* StatusBadge.swift */,
			);
			path = Components;
			sourceTree = "<group>";
		};
		84EB18A82DE84FFD0025AEFD /* Airlines */ = {
			isa = PBXGroup;
			children = (
				84EB18A52DE84FFD0025AEFD /* Components */,
				84EB18A62DE84FFD0025AEFD /* AirlinesView.swift */,
				84EB18A72DE84FFD0025AEFD /* AirlinesVM.swift */,
			);
			path = Airlines;
			sourceTree = "<group>";
		};
		84EB18AA2DE84FFD0025AEFD /* Components */ = {
			isa = PBXGroup;
			children = (
				84EB18A92DE84FFD0025AEFD /* FlightRowView.swift */,
			);
			path = Components;
			sourceTree = "<group>";
		};
		84EB18AD2DE84FFD0025AEFD /* FlightData */ = {
			isa = PBXGroup;
			children = (
				84EB18AA2DE84FFD0025AEFD /* Components */,
				84EB18AB2DE84FFD0025AEFD /* FlightDataView.swift */,
				84EB18AC2DE84FFD0025AEFD /* FlightDataVM.swift */,
			);
			path = FlightData;
			sourceTree = "<group>";
		};
		84EB18B22DE84FFD0025AEFD /* Components */ = {
			isa = PBXGroup;
			children = (
				84EB18AE2DE84FFD0025AEFD /* ArrivalDetailSection.swift */,
				84EB18AF2DE84FFD0025AEFD /* DepartureDetailSection.swift */,
				84EB18B02DE84FFD0025AEFD /* DetailCard.swift */,
				84EB18B12DE84FFD0025AEFD /* DetailRow.swift */,
			);
			path = Components;
			sourceTree = "<group>";
		};
		84EB18B42DE84FFD0025AEFD /* FlightSchedule */ = {
			isa = PBXGroup;
			children = (
				84EB18B22DE84FFD0025AEFD /* Components */,
				84EB18B32DE84FFD0025AEFD /* FlightScheduleView.swift */,
			);
			path = FlightSchedule;
			sourceTree = "<group>";
		};
		84EB18B52DE84FFD0025AEFD /* Home */ = {
			isa = PBXGroup;
			children = (
				84EB18A82DE84FFD0025AEFD /* Airlines */,
				84EB18AD2DE84FFD0025AEFD /* FlightData */,
				84EB18B42DE84FFD0025AEFD /* FlightSchedule */,
			);
			path = Home;
			sourceTree = "<group>";
		};
		84EB18B62DE84FFD0025AEFD /* View+ViewModel */ = {
			isa = PBXGroup;
			children = (
				84EB18A22DE84FFD0025AEFD /* Auth */,
				84EB18B52DE84FFD0025AEFD /* Home */,
			);
			path = "View+ViewModel";
			sourceTree = "<group>";
		};
		84EB18BE2DE84FFD0025AEFD /* Aviate */ = {
			isa = PBXGroup;
			children = (
				84EB18752DE84FFD0025AEFD /* App */,
				84EB18B62DE84FFD0025AEFD /* View+ViewModel */,
				84EB18842DE84FFD0025AEFD /* Model */,
				84EB189B2DE84FFD0025AEFD /* Utilities */,
				84EB18B72DE84FFD0025AEFD /* Assets.xcassets */,
				84EB18B82DE84FFD0025AEFD /* Aviate.entitlements */,
				84EB18B92DE84FFD0025AEFD /* Aviate.xcdatamodeld */,
				84EB18BA2DE84FFD0025AEFD /* GoogleService-Info.plist */,
				84EB18BB2DE84FFD0025AEFD /* Info.plist */,
				84EB18BC2DE84FFD0025AEFD /* LaunchScreen.storyboard */,
				84EB18BD2DE84FFD0025AEFD /* Persistence.swift */,
			);
			path = Aviate;
			sourceTree = "<group>";
		};
/* End PBXGroup section */

/* Begin PBXNativeTarget section */
		847D47812DE63BDC00BA06E2 /* Aviate */ = {
			isa = PBXNativeTarget;
			buildConfigurationList = 847D47A92DE63BDD00BA06E2 /* Build configuration list for PBXNativeTarget "Aviate" */;
			buildPhases = (
				847D477E2DE63BDC00BA06E2 /* Sources */,
				847D477F2DE63BDC00BA06E2 /* Frameworks */,
				847D47802DE63BDC00BA06E2 /* Resources */,
			);
			buildRules = (
			);
			dependencies = (
			);
			name = Aviate;
			packageProductDependencies = (
				84AA9F8D2DE7298B0089EED5 /* FirebaseAuth */,
				84AA9F9D2DE733320089EED5 /* RappleProgressHUD */,
			);
			productName = Aviate;
			productReference = 847D47822DE63BDC00BA06E2 /* Aviate.app */;
			productType = "com.apple.product-type.application";
		};
		847D47942DE63BDD00BA06E2 /* AviateTests */ = {
			isa = PBXNativeTarget;
			buildConfigurationList = 847D47AC2DE63BDD00BA06E2 /* Build configuration list for PBXNativeTarget "AviateTests" */;
			buildPhases = (
				847D47912DE63BDD00BA06E2 /* Sources */,
				847D47922DE63BDD00BA06E2 /* Frameworks */,
				847D47932DE63BDD00BA06E2 /* Resources */,
			);
			buildRules = (
			);
			dependencies = (
				847D47972DE63BDD00BA06E2 /* PBXTargetDependency */,
			);
			fileSystemSynchronizedGroups = (
				847D47982DE63BDD00BA06E2 /* AviateTests */,
			);
			name = AviateTests;
			packageProductDependencies = (
			);
			productName = AviateTests;
			productReference = 847D47952DE63BDD00BA06E2 /* AviateTests.xctest */;
			productType = "com.apple.product-type.bundle.unit-test";
		};
		847D479E2DE63BDD00BA06E2 /* AviateUITests */ = {
			isa = PBXNativeTarget;
			buildConfigurationList = 847D47AF2DE63BDD00BA06E2 /* Build configuration list for PBXNativeTarget "AviateUITests" */;
			buildPhases = (
				847D479B2DE63BDD00BA06E2 /* Sources */,
				847D479C2DE63BDD00BA06E2 /* Frameworks */,
				847D479D2DE63BDD00BA06E2 /* Resources */,
			);
			buildRules = (
			);
			dependencies = (
				847D47A12DE63BDD00BA06E2 /* PBXTargetDependency */,
			);
			fileSystemSynchronizedGroups = (
				847D47A22DE63BDD00BA06E2 /* AviateUITests */,
			);
			name = AviateUITests;
			packageProductDependencies = (
			);
			productName = AviateUITests;
			productReference = 847D479F2DE63BDD00BA06E2 /* AviateUITests.xctest */;
			productType = "com.apple.product-type.bundle.ui-testing";
		};
/* End PBXNativeTarget section */

/* Begin PBXProject section */
		847D477A2DE63BDC00BA06E2 /* Project object */ = {
			isa = PBXProject;
			attributes = {
				BuildIndependentTargetsInParallel = 1;
				LastSwiftUpdateCheck = 1630;
				LastUpgradeCheck = 1630;
				TargetAttributes = {
					847D47812DE63BDC00BA06E2 = {
						CreatedOnToolsVersion = 16.3;
					};
					847D47942DE63BDD00BA06E2 = {
						CreatedOnToolsVersion = 16.3;
						TestTargetID = 847D47812DE63BDC00BA06E2;
					};
					847D479E2DE63BDD00BA06E2 = {
						CreatedOnToolsVersion = 16.3;
						TestTargetID = 847D47812DE63BDC00BA06E2;
					};
				};
			};
			buildConfigurationList = 847D477D2DE63BDC00BA06E2 /* Build configuration list for PBXProject "Aviate" */;
			compatibilityVersion = "Xcode 15.0";
			developmentRegion = en;
			hasScannedForEncodings = 0;
			knownRegions = (
				en,
				Base,
			);
			mainGroup = 847D47792DE63BDC00BA06E2;
			minimizedProjectReferenceProxies = 1;
			packageReferences = (
				84AA9F8C2DE7298B0089EED5 /* XCRemoteSwiftPackageReference "firebase-ios-sdk" */,
				84AA9F9C2DE733320089EED5 /* XCRemoteSwiftPackageReference "RappleProgressHUD" */,
			);
			productRefGroup = 847D47832DE63BDC00BA06E2 /* Products */;
			projectDirPath = "";
			projectRoot = "";
			targets = (
				847D47812DE63BDC00BA06E2 /* Aviate */,
				847D47942DE63BDD00BA06E2 /* AviateTests */,
				847D479E2DE63BDD00BA06E2 /* AviateUITests */,
			);
		};
/* End PBXProject section */

/* Begin PBXResourcesBuildPhase section */
		847D47802DE63BDC00BA06E2 /* Resources */ = {
			isa = PBXResourcesBuildPhase;
			buildActionMask = 2147483647;
			files = (
				84EB18F62DE84FFD0025AEFD /* Assets.xcassets in Resources */,
				84EB18F72DE84FFD0025AEFD /* GoogleService-Info.plist in Resources */,
				84EB18F92DE84FFD0025AEFD /* LaunchScreen.storyboard in Resources */,
			);
			runOnlyForDeploymentPostprocessing = 0;
		};
		847D47932DE63BDD00BA06E2 /* Resources */ = {
			isa = PBXResourcesBuildPhase;
			buildActionMask = 2147483647;
			files = (
			);
			runOnlyForDeploymentPostprocessing = 0;
		};
		847D479D2DE63BDD00BA06E2 /* Resources */ = {
			isa = PBXResourcesBuildPhase;
			buildActionMask = 2147483647;
			files = (
			);
			runOnlyForDeploymentPostprocessing = 0;
		};
/* End PBXResourcesBuildPhase section */

/* Begin PBXSourcesBuildPhase section */
		847D477E2DE63BDC00BA06E2 /* Sources */ = {
			isa = PBXSourcesBuildPhase;
			buildActionMask = 2147483647;
			files = (
				84EB18C02DE84FFD0025AEFD /* AppDelegate.swift in Sources */,
				84EB18C12DE84FFD0025AEFD /* AppManager.swift in Sources */,
				84EB18C22DE84FFD0025AEFD /* AviateApp.swift in Sources */,
				84EB18C32DE84FFD0025AEFD /* BaseVM.swift in Sources */,
				84EB18C42DE84FFD0025AEFD /* ContentView.swift in Sources */,
				84EB18C52DE84FFD0025AEFD /* Airline.swift in Sources */,
				84EB18C62DE84FFD0025AEFD /* AirlineResponse.swift in Sources */,
				84EB18C72DE84FFD0025AEFD /* AirportInfo.swift in Sources */,
				84EB18C82DE84FFD0025AEFD /* Arrival.swift in Sources */,
				84EB18C92DE84FFD0025AEFD /* BasicAirline.swift in Sources */,
				84EB18CA2DE84FFD0025AEFD /* Codeshared.swift in Sources */,
				84EB18CB2DE84FFD0025AEFD /* Departure.swift in Sources */,
				84EB18CC2DE84FFD0025AEFD /* Flight.swift in Sources */,
				84EB18CD2DE84FFD0025AEFD /* FlightAnnotation.swift in Sources */,
				84EB18CE2DE84FFD0025AEFD /* FlightData.swift in Sources */,
				84EB18CF2DE84FFD0025AEFD /* FlightDetail.swift in Sources */,
				84EB18D02DE84FFD0025AEFD /* FlightResponse.swift in Sources */,
				84EB18D12DE84FFD0025AEFD /* Pagination.swift in Sources */,
				84EB18D22DE84FFD0025AEFD /* User.swift in Sources */,
				84EB18D32DE84FFD0025AEFD /* CommonButtonView.swift in Sources */,
				84EB18D42DE84FFD0025AEFD /* EmptyStateView.swift in Sources */,
				84EB18D52DE84FFD0025AEFD /* ErrorView.swift in Sources */,
				84EB18D62DE84FFD0025AEFD /* NavigationBarView.swift in Sources */,
				84EB18D72DE84FFD0025AEFD /* SearchBarView.swift in Sources */,
				84EB18D82DE84FFD0025AEFD /* AppColors.swift in Sources */,
				84EB18D92DE84FFD0025AEFD /* Color++.swift in Sources */,
				84EB18DA2DE84FFD0025AEFD /* String++.swift in Sources */,
				84EB18DB2DE84FFD0025AEFD /* View++.swift in Sources */,
				84EB18DC2DE84FFD0025AEFD /* AlertShowable.swift in Sources */,
				84EB18DD2DE84FFD0025AEFD /* AviationAPIServiceProtocol.swift in Sources */,
				84EB18DE2DE84FFD0025AEFD /* LoadingIndicatorDelegate.swift in Sources */,
				84EB18DF2DE84FFD0025AEFD /* AviationAPIService.swift in Sources */,
				84EB18E02DE84FFD0025AEFD /* AppError.swift in Sources */,
				84EB18E12DE84FFD0025AEFD /* Handlers.swift in Sources */,
				84EB18E22DE84FFD0025AEFD /* Validator.swift in Sources */,
				84EB18E32DE84FFD0025AEFD /* ViewModifiers.swift in Sources */,
				84EB18E42DE84FFD0025AEFD /* LoginView.swift in Sources */,
				84EB18E52DE84FFD0025AEFD /* LoginVM.swift in Sources */,
				84EB18E62DE84FFD0025AEFD /* SignUpView.swift in Sources */,
				84EB18E72DE84FFD0025AEFD /* SignUpVM.swift in Sources */,
				84EB18E82DE84FFD0025AEFD /* AirlineRowView.swift in Sources */,
				84EB18E92DE84FFD0025AEFD /* StatusBadge.swift in Sources */,
				84EB18EA2DE84FFD0025AEFD /* AirlinesView.swift in Sources */,
				84EB18EB2DE84FFD0025AEFD /* AirlinesVM.swift in Sources */,
				84EB18EC2DE84FFD0025AEFD /* FlightRowView.swift in Sources */,
				84EB18ED2DE84FFD0025AEFD /* FlightDataView.swift in Sources */,
				84EB18EE2DE84FFD0025AEFD /* FlightDataVM.swift in Sources */,
				84EB18EF2DE84FFD0025AEFD /* ArrivalDetailSection.swift in Sources */,
				84EB18F02DE84FFD0025AEFD /* DepartureDetailSection.swift in Sources */,
				84EB18F12DE84FFD0025AEFD /* DetailCard.swift in Sources */,
				84EB18F22DE84FFD0025AEFD /* DetailRow.swift in Sources */,
				84EB18F32DE84FFD0025AEFD /* FlightScheduleView.swift in Sources */,
				84EB18F42DE84FFD0025AEFD /* Aviate.xcdatamodeld in Sources */,
				84EB18F52DE84FFD0025AEFD /* Persistence.swift in Sources */,
			);
			runOnlyForDeploymentPostprocessing = 0;
		};
		847D47912DE63BDD00BA06E2 /* Sources */ = {
			isa = PBXSourcesBuildPhase;
			buildActionMask = 2147483647;
			files = (
			);
			runOnlyForDeploymentPostprocessing = 0;
		};
		847D479B2DE63BDD00BA06E2 /* Sources */ = {
			isa = PBXSourcesBuildPhase;
			buildActionMask = 2147483647;
			files = (
			);
			runOnlyForDeploymentPostprocessing = 0;
		};
/* End PBXSourcesBuildPhase section */

/* Begin PBXTargetDependency section */
		847D47972DE63BDD00BA06E2 /* PBXTargetDependency */ = {
			isa = PBXTargetDependency;
			target = 847D47812DE63BDC00BA06E2 /* Aviate */;
			targetProxy = 847D47962DE63BDD00BA06E2 /* PBXContainerItemProxy */;
		};
		847D47A12DE63BDD00BA06E2 /* PBXTargetDependency */ = {
			isa = PBXTargetDependency;
			target = 847D47812DE63BDC00BA06E2 /* Aviate */;
			targetProxy = 847D47A02DE63BDD00BA06E2 /* PBXContainerItemProxy */;
		};
/* End PBXTargetDependency section */

/* Begin XCBuildConfiguration section */
		847D47A72DE63BDD00BA06E2 /* Debug */ = {
			isa = XCBuildConfiguration;
			buildSettings = {
				ALWAYS_SEARCH_USER_PATHS = NO;
				ASSETCATALOG_COMPILER_GENERATE_SWIFT_ASSET_SYMBOL_EXTENSIONS = YES;
				CLANG_ANALYZER_NONNULL = YES;
				CLANG_ANALYZER_NUMBER_OBJECT_CONVERSION = YES_AGGRESSIVE;
				CLANG_CXX_LANGUAGE_STANDARD = "gnu++20";
				CLANG_ENABLE_MODULES = YES;
				CLANG_ENABLE_OBJC_ARC = YES;
				CLANG_ENABLE_OBJC_WEAK = YES;
				CLANG_WARN_BLOCK_CAPTURE_AUTORELEASING = YES;
				CLANG_WARN_BOOL_CONVERSION = YES;
				CLANG_WARN_COMMA = YES;
				CLANG_WARN_CONSTANT_CONVERSION = YES;
				CLANG_WARN_DEPRECATED_OBJC_IMPLEMENTATIONS = YES;
				CLANG_WARN_DIRECT_OBJC_ISA_USAGE = YES_ERROR;
				CLANG_WARN_DOCUMENTATION_COMMENTS = YES;
				CLANG_WARN_EMPTY_BODY = YES;
				CLANG_WARN_ENUM_CONVERSION = YES;
				CLANG_WARN_INFINITE_RECURSION = YES;
				CLANG_WARN_INT_CONVERSION = YES;
				CLANG_WARN_NON_LITERAL_NULL_CONVERSION = YES;
				CLANG_WARN_OBJC_IMPLICIT_RETAIN_SELF = YES;
				CLANG_WARN_OBJC_LITERAL_CONVERSION = YES;
				CLANG_WARN_OBJC_ROOT_CLASS = YES_ERROR;
				CLANG_WARN_QUOTED_INCLUDE_IN_FRAMEWORK_HEADER = YES;
				CLANG_WARN_RANGE_LOOP_ANALYSIS = YES;
				CLANG_WARN_STRICT_PROTOTYPES = YES;
				CLANG_WARN_SUSPICIOUS_MOVE = YES;
				CLANG_WARN_UNGUARDED_AVAILABILITY = YES_AGGRESSIVE;
				CLANG_WARN_UNREACHABLE_CODE = YES;
				CLANG_WARN__DUPLICATE_METHOD_MATCH = YES;
				COPY_PHASE_STRIP = NO;
				DEBUG_INFORMATION_FORMAT = dwarf;
				ENABLE_STRICT_OBJC_MSGSEND = YES;
				ENABLE_TESTABILITY = YES;
				ENABLE_USER_SCRIPT_SANDBOXING = YES;
				GCC_C_LANGUAGE_STANDARD = gnu17;
				GCC_DYNAMIC_NO_PIC = NO;
				GCC_NO_COMMON_BLOCKS = YES;
				GCC_OPTIMIZATION_LEVEL = 0;
				GCC_PREPROCESSOR_DEFINITIONS = (
					"DEBUG=1",
					"$(inherited)",
				);
				GCC_WARN_64_TO_32_BIT_CONVERSION = YES;
				GCC_WARN_ABOUT_RETURN_TYPE = YES_ERROR;
				GCC_WARN_UNDECLARED_SELECTOR = YES;
				GCC_WARN_UNINITIALIZED_AUTOS = YES_AGGRESSIVE;
				GCC_WARN_UNUSED_FUNCTION = YES;
				GCC_WARN_UNUSED_VARIABLE = YES;
				LOCALIZATION_PREFERS_STRING_CATALOGS = YES;
				MTL_ENABLE_DEBUG_INFO = INCLUDE_SOURCE;
				MTL_FAST_MATH = YES;
				ONLY_ACTIVE_ARCH = YES;
				SWIFT_ACTIVE_COMPILATION_CONDITIONS = "DEBUG $(inherited)";
				SWIFT_OPTIMIZATION_LEVEL = "-Onone";
			};
			name = Debug;
		};
		847D47A82DE63BDD00BA06E2 /* Release */ = {
			isa = XCBuildConfiguration;
			buildSettings = {
				ALWAYS_SEARCH_USER_PATHS = NO;
				ASSETCATALOG_COMPILER_GENERATE_SWIFT_ASSET_SYMBOL_EXTENSIONS = YES;
				CLANG_ANALYZER_NONNULL = YES;
				CLANG_ANALYZER_NUMBER_OBJECT_CONVERSION = YES_AGGRESSIVE;
				CLANG_CXX_LANGUAGE_STANDARD = "gnu++20";
				CLANG_ENABLE_MODULES = YES;
				CLANG_ENABLE_OBJC_ARC = YES;
				CLANG_ENABLE_OBJC_WEAK = YES;
				CLANG_WARN_BLOCK_CAPTURE_AUTORELEASING = YES;
				CLANG_WARN_BOOL_CONVERSION = YES;
				CLANG_WARN_COMMA = YES;
				CLANG_WARN_CONSTANT_CONVERSION = YES;
				CLANG_WARN_DEPRECATED_OBJC_IMPLEMENTATIONS = YES;
				CLANG_WARN_DIRECT_OBJC_ISA_USAGE = YES_ERROR;
				CLANG_WARN_DOCUMENTATION_COMMENTS = YES;
				CLANG_WARN_EMPTY_BODY = YES;
				CLANG_WARN_ENUM_CONVERSION = YES;
				CLANG_WARN_INFINITE_RECURSION = YES;
				CLANG_WARN_INT_CONVERSION = YES;
				CLANG_WARN_NON_LITERAL_NULL_CONVERSION = YES;
				CLANG_WARN_OBJC_IMPLICIT_RETAIN_SELF = YES;
				CLANG_WARN_OBJC_LITERAL_CONVERSION = YES;
				CLANG_WARN_OBJC_ROOT_CLASS = YES_ERROR;
				CLANG_WARN_QUOTED_INCLUDE_IN_FRAMEWORK_HEADER = YES;
				CLANG_WARN_RANGE_LOOP_ANALYSIS = YES;
				CLANG_WARN_STRICT_PROTOTYPES = YES;
				CLANG_WARN_SUSPICIOUS_MOVE = YES;
				CLANG_WARN_UNGUARDED_AVAILABILITY = YES_AGGRESSIVE;
				CLANG_WARN_UNREACHABLE_CODE = YES;
				CLANG_WARN__DUPLICATE_METHOD_MATCH = YES;
				COPY_PHASE_STRIP = NO;
				DEBUG_INFORMATION_FORMAT = "dwarf-with-dsym";
				ENABLE_NS_ASSERTIONS = NO;
				ENABLE_STRICT_OBJC_MSGSEND = YES;
				ENABLE_USER_SCRIPT_SANDBOXING = YES;
				GCC_C_LANGUAGE_STANDARD = gnu17;
				GCC_NO_COMMON_BLOCKS = YES;
				GCC_WARN_64_TO_32_BIT_CONVERSION = YES;
				GCC_WARN_ABOUT_RETURN_TYPE = YES_ERROR;
				GCC_WARN_UNDECLARED_SELECTOR = YES;
				GCC_WARN_UNINITIALIZED_AUTOS = YES_AGGRESSIVE;
				GCC_WARN_UNUSED_FUNCTION = YES;
				GCC_WARN_UNUSED_VARIABLE = YES;
				LOCALIZATION_PREFERS_STRING_CATALOGS = YES;
				MTL_ENABLE_DEBUG_INFO = NO;
				MTL_FAST_MATH = YES;
				SWIFT_COMPILATION_MODE = wholemodule;
			};
			name = Release;
		};
		847D47AA2DE63BDD00BA06E2 /* Debug */ = {
			isa = XCBuildConfiguration;
			buildSettings = {
				ASSETCATALOG_COMPILER_APPICON_NAME = AppIcon;
				ASSETCATALOG_COMPILER_GLOBAL_ACCENT_COLOR_NAME = AccentColor;
				CODE_SIGN_ENTITLEMENTS = Aviate/Aviate.entitlements;
				CODE_SIGN_STYLE = Automatic;
				CURRENT_PROJECT_VERSION = 1;
				ENABLE_PREVIEWS = YES;
				GENERATE_INFOPLIST_FILE = YES;
				INFOPLIST_FILE = Aviate/Info.plist;
				"INFOPLIST_KEY_UIApplicationSceneManifest_Generation[sdk=iphoneos*]" = YES;
				"INFOPLIST_KEY_UIApplicationSceneManifest_Generation[sdk=iphonesimulator*]" = YES;
				"INFOPLIST_KEY_UIApplicationSupportsIndirectInputEvents[sdk=iphoneos*]" = YES;
				"INFOPLIST_KEY_UIApplicationSupportsIndirectInputEvents[sdk=iphonesimulator*]" = YES;
				"INFOPLIST_KEY_UILaunchScreen_Generation[sdk=iphoneos*]" = YES;
				"INFOPLIST_KEY_UILaunchScreen_Generation[sdk=iphonesimulator*]" = YES;
				INFOPLIST_KEY_UILaunchStoryboardName = LaunchScreen.storyboard;
				"INFOPLIST_KEY_UIStatusBarStyle[sdk=iphoneos*]" = UIStatusBarStyleDefault;
				"INFOPLIST_KEY_UIStatusBarStyle[sdk=iphonesimulator*]" = UIStatusBarStyleDefault;
				INFOPLIST_KEY_UISupportedInterfaceOrientations_iPad = "UIInterfaceOrientationPortrait UIInterfaceOrientationPortraitUpsideDown UIInterfaceOrientationLandscapeLeft UIInterfaceOrientationLandscapeRight";
				INFOPLIST_KEY_UISupportedInterfaceOrientations_iPhone = "UIInterfaceOrientationPortrait UIInterfaceOrientationLandscapeLeft UIInterfaceOrientationLandscapeRight";
				INFOPLIST_KEY_UIUserInterfaceStyle = Light;
				IPHONEOS_DEPLOYMENT_TARGET = 17;
				LD_RUNPATH_SEARCH_PATHS = "@executable_path/Frameworks";
				"LD_RUNPATH_SEARCH_PATHS[sdk=macosx*]" = "@executable_path/../Frameworks";
				MACOSX_DEPLOYMENT_TARGET = 15.4;
				MARKETING_VERSION = 1.0;
				PRODUCT_BUNDLE_IDENTIFIER = com.achisoft.Aviate;
				PRODUCT_NAME = "$(TARGET_NAME)";
				REGISTER_APP_GROUPS = YES;
				SDKROOT = auto;
				SUPPORTED_PLATFORMS = "iphoneos iphonesimulator";
				SUPPORTS_MACCATALYST = NO;
				SWIFT_EMIT_LOC_STRINGS = YES;
				SWIFT_VERSION = 5.0;
				TARGETED_DEVICE_FAMILY = "1,2";
				XROS_DEPLOYMENT_TARGET = 2.4;
			};
			name = Debug;
		};
		847D47AB2DE63BDD00BA06E2 /* Release */ = {
			isa = XCBuildConfiguration;
			buildSettings = {
				ASSETCATALOG_COMPILER_APPICON_NAME = AppIcon;
				ASSETCATALOG_COMPILER_GLOBAL_ACCENT_COLOR_NAME = AccentColor;
				CODE_SIGN_ENTITLEMENTS = Aviate/Aviate.entitlements;
				CODE_SIGN_STYLE = Automatic;
				CURRENT_PROJECT_VERSION = 1;
				ENABLE_PREVIEWS = YES;
				GENERATE_INFOPLIST_FILE = YES;
				INFOPLIST_FILE = Aviate/Info.plist;
				"INFOPLIST_KEY_UIApplicationSceneManifest_Generation[sdk=iphoneos*]" = YES;
				"INFOPLIST_KEY_UIApplicationSceneManifest_Generation[sdk=iphonesimulator*]" = YES;
				"INFOPLIST_KEY_UIApplicationSupportsIndirectInputEvents[sdk=iphoneos*]" = YES;
				"INFOPLIST_KEY_UIApplicationSupportsIndirectInputEvents[sdk=iphonesimulator*]" = YES;
				"INFOPLIST_KEY_UILaunchScreen_Generation[sdk=iphoneos*]" = YES;
				"INFOPLIST_KEY_UILaunchScreen_Generation[sdk=iphonesimulator*]" = YES;
				INFOPLIST_KEY_UILaunchStoryboardName = LaunchScreen.storyboard;
				"INFOPLIST_KEY_UIStatusBarStyle[sdk=iphoneos*]" = UIStatusBarStyleDefault;
				"INFOPLIST_KEY_UIStatusBarStyle[sdk=iphonesimulator*]" = UIStatusBarStyleDefault;
				INFOPLIST_KEY_UISupportedInterfaceOrientations_iPad = "UIInterfaceOrientationPortrait UIInterfaceOrientationPortraitUpsideDown UIInterfaceOrientationLandscapeLeft UIInterfaceOrientationLandscapeRight";
				INFOPLIST_KEY_UISupportedInterfaceOrientations_iPhone = "UIInterfaceOrientationPortrait UIInterfaceOrientationLandscapeLeft UIInterfaceOrientationLandscapeRight";
				INFOPLIST_KEY_UIUserInterfaceStyle = Light;
				IPHONEOS_DEPLOYMENT_TARGET = 17;
				LD_RUNPATH_SEARCH_PATHS = "@executable_path/Frameworks";
				"LD_RUNPATH_SEARCH_PATHS[sdk=macosx*]" = "@executable_path/../Frameworks";
				MACOSX_DEPLOYMENT_TARGET = 15.4;
				MARKETING_VERSION = 1.0;
				PRODUCT_BUNDLE_IDENTIFIER = com.achisoft.Aviate;
				PRODUCT_NAME = "$(TARGET_NAME)";
				REGISTER_APP_GROUPS = YES;
				SDKROOT = auto;
				SUPPORTED_PLATFORMS = "iphoneos iphonesimulator";
				SUPPORTS_MACCATALYST = NO;
				SWIFT_EMIT_LOC_STRINGS = YES;
				SWIFT_VERSION = 5.0;
				TARGETED_DEVICE_FAMILY = "1,2";
				XROS_DEPLOYMENT_TARGET = 2.4;
			};
			name = Release;
		};
		847D47AD2DE63BDD00BA06E2 /* Debug */ = {
			isa = XCBuildConfiguration;
			buildSettings = {
				BUNDLE_LOADER = "$(TEST_HOST)";
				CODE_SIGN_STYLE = Automatic;
				CURRENT_PROJECT_VERSION = 1;
				GENERATE_INFOPLIST_FILE = YES;
				IPHONEOS_DEPLOYMENT_TARGET = 17;
				MACOSX_DEPLOYMENT_TARGET = 15.4;
				MARKETING_VERSION = 1.0;
				PRODUCT_BUNDLE_IDENTIFIER = com.achisoft.AviateTests;
				PRODUCT_NAME = "$(TARGET_NAME)";
				SDKROOT = auto;
				SUPPORTED_PLATFORMS = "iphoneos iphonesimulator";
				SUPPORTS_MACCATALYST = NO;
				SWIFT_EMIT_LOC_STRINGS = NO;
				SWIFT_VERSION = 5.0;
				TARGETED_DEVICE_FAMILY = "1,2";
				TEST_HOST = "$(BUILT_PRODUCTS_DIR)/Aviate.app/$(BUNDLE_EXECUTABLE_FOLDER_PATH)/Aviate";
				XROS_DEPLOYMENT_TARGET = 2.4;
			};
			name = Debug;
		};
		847D47AE2DE63BDD00BA06E2 /* Release */ = {
			isa = XCBuildConfiguration;
			buildSettings = {
				BUNDLE_LOADER = "$(TEST_HOST)";
				CODE_SIGN_STYLE = Automatic;
				CURRENT_PROJECT_VERSION = 1;
				GENERATE_INFOPLIST_FILE = YES;
				IPHONEOS_DEPLOYMENT_TARGET = 17;
				MACOSX_DEPLOYMENT_TARGET = 15.4;
				MARKETING_VERSION = 1.0;
				PRODUCT_BUNDLE_IDENTIFIER = com.achisoft.AviateTests;
				PRODUCT_NAME = "$(TARGET_NAME)";
				SDKROOT = auto;
				SUPPORTED_PLATFORMS = "iphoneos iphonesimulator";
				SUPPORTS_MACCATALYST = NO;
				SWIFT_EMIT_LOC_STRINGS = NO;
				SWIFT_VERSION = 5.0;
				TARGETED_DEVICE_FAMILY = "1,2";
				TEST_HOST = "$(BUILT_PRODUCTS_DIR)/Aviate.app/$(BUNDLE_EXECUTABLE_FOLDER_PATH)/Aviate";
				XROS_DEPLOYMENT_TARGET = 2.4;
			};
			name = Release;
		};
		847D47B02DE63BDD00BA06E2 /* Debug */ = {
			isa = XCBuildConfiguration;
			buildSettings = {
				CODE_SIGN_STYLE = Automatic;
				CURRENT_PROJECT_VERSION = 1;
				GENERATE_INFOPLIST_FILE = YES;
				IPHONEOS_DEPLOYMENT_TARGET = 17;
				MACOSX_DEPLOYMENT_TARGET = 15.4;
				MARKETING_VERSION = 1.0;
				PRODUCT_BUNDLE_IDENTIFIER = com.achisoft.AviateUITests;
				PRODUCT_NAME = "$(TARGET_NAME)";
				SDKROOT = auto;
				SUPPORTED_PLATFORMS = "iphoneos iphonesimulator";
				SUPPORTS_MACCATALYST = NO;
				SWIFT_EMIT_LOC_STRINGS = NO;
				SWIFT_VERSION = 5.0;
				TARGETED_DEVICE_FAMILY = "1,2";
				TEST_TARGET_NAME = Aviate;
				XROS_DEPLOYMENT_TARGET = 2.4;
			};
			name = Debug;
		};
		847D47B12DE63BDD00BA06E2 /* Release */ = {
			isa = XCBuildConfiguration;
			buildSettings = {
				CODE_SIGN_STYLE = Automatic;
				CURRENT_PROJECT_VERSION = 1;
				GENERATE_INFOPLIST_FILE = YES;
				IPHONEOS_DEPLOYMENT_TARGET = 17;
				MACOSX_DEPLOYMENT_TARGET = 15.4;
				MARKETING_VERSION = 1.0;
				PRODUCT_BUNDLE_IDENTIFIER = com.achisoft.AviateUITests;
				PRODUCT_NAME = "$(TARGET_NAME)";
				SDKROOT = auto;
				SUPPORTED_PLATFORMS = "iphoneos iphonesimulator";
				SUPPORTS_MACCATALYST = NO;
				SWIFT_EMIT_LOC_STRINGS = NO;
				SWIFT_VERSION = 5.0;
				TARGETED_DEVICE_FAMILY = "1,2";
				TEST_TARGET_NAME = Aviate;
				XROS_DEPLOYMENT_TARGET = 2.4;
			};
			name = Release;
		};
/* End XCBuildConfiguration section */

/* Begin XCConfigurationList section */
		847D477D2DE63BDC00BA06E2 /* Build configuration list for PBXProject "Aviate" */ = {
			isa = XCConfigurationList;
			buildConfigurations = (
				847D47A72DE63BDD00BA06E2 /* Debug */,
				847D47A82DE63BDD00BA06E2 /* Release */,
			);
			defaultConfigurationIsVisible = 0;
			defaultConfigurationName = Release;
		};
		847D47A92DE63BDD00BA06E2 /* Build configuration list for PBXNativeTarget "Aviate" */ = {
			isa = XCConfigurationList;
			buildConfigurations = (
				847D47AA2DE63BDD00BA06E2 /* Debug */,
				847D47AB2DE63BDD00BA06E2 /* Release */,
			);
			defaultConfigurationIsVisible = 0;
			defaultConfigurationName = Release;
		};
		847D47AC2DE63BDD00BA06E2 /* Build configuration list for PBXNativeTarget "AviateTests" */ = {
			isa = XCConfigurationList;
			buildConfigurations = (
				847D47AD2DE63BDD00BA06E2 /* Debug */,
				847D47AE2DE63BDD00BA06E2 /* Release */,
			);
			defaultConfigurationIsVisible = 0;
			defaultConfigurationName = Release;
		};
		847D47AF2DE63BDD00BA06E2 /* Build configuration list for PBXNativeTarget "AviateUITests" */ = {
			isa = XCConfigurationList;
			buildConfigurations = (
				847D47B02DE63BDD00BA06E2 /* Debug */,
				847D47B12DE63BDD00BA06E2 /* Release */,
			);
			defaultConfigurationIsVisible = 0;
			defaultConfigurationName = Release;
		};
/* End XCConfigurationList section */

/* Begin XCRemoteSwiftPackageReference section */
		84AA9F8C2DE7298B0089EED5 /* XCRemoteSwiftPackageReference "firebase-ios-sdk" */ = {
			isa = XCRemoteSwiftPackageReference;
			repositoryURL = "https://github.com/firebase/firebase-ios-sdk";
			requirement = {
				kind = upToNextMajorVersion;
				minimumVersion = 11.13.0;
			};
		};
		84AA9F9C2DE733320089EED5 /* XCRemoteSwiftPackageReference "RappleProgressHUD" */ = {
			isa = XCRemoteSwiftPackageReference;
			repositoryURL = "https://github.com/rjeprasad/RappleProgressHUD.git";
			requirement = {
				kind = upToNextMajorVersion;
				minimumVersion = 4.1.0;
			};
		};
/* End XCRemoteSwiftPackageReference section */

/* Begin XCSwiftPackageProductDependency section */
		84AA9F8D2DE7298B0089EED5 /* FirebaseAuth */ = {
			isa = XCSwiftPackageProductDependency;
			package = 84AA9F8C2DE7298B0089EED5 /* XCRemoteSwiftPackageReference "firebase-ios-sdk" */;
			productName = FirebaseAuth;
		};
		84AA9F9D2DE733320089EED5 /* RappleProgressHUD */ = {
			isa = XCSwiftPackageProductDependency;
			package = 84AA9F9C2DE733320089EED5 /* XCRemoteSwiftPackageReference "RappleProgressHUD" */;
			productName = RappleProgressHUD;
		};
/* End XCSwiftPackageProductDependency section */

/* Begin XCVersionGroup section */
		84EB18B92DE84FFD0025AEFD /* Aviate.xcdatamodeld */ = {
			isa = XCVersionGroup;
			children = (
				84EB18BF2DE84FFD0025AEFD /* Aviate.xcdatamodel */,
			);
			currentVersion = 84EB18BF2DE84FFD0025AEFD /* Aviate.xcdatamodel */;
			path = Aviate.xcdatamodeld;
			sourceTree = "<group>";
			versionGroupType = wrapper.xcdatamodel;
		};
/* End XCVersionGroup section */
	};
	rootObject = 847D477A2DE63BDC00BA06E2 /* Project object */;
}
